
Microsoft Visual Studio Solution File, Format Version 12.00
# Visual Studio Version 16
VisualStudioVersion = 16.0.31702.278
MinimumVisualStudioVersion = 10.0.40219.1
Project("{9A19103F-16F7-4668-BE54-9A1E7A4F7556}") = "pz_8", "pz_8\pz_8.csproj", "{C5105CB7-DDB7-4269-8AB3-68077AD8D272}"
EndProject
Project("{9A19103F-16F7-4668-BE54-9A1E7A4F7556}") = "pz_6", "pz_6\pz_6.csproj", "{DDB9222C-896D-4B6D-90FB-1555F13E53AB}"
EndProject
Project("{9A19103F-16F7-4668-BE54-9A1E7A4F7556}") = "pz_5", "pz_5\pz_5.csproj", "{83D09D12-3A6C-49A1-BC1A-1824E7ECB70D}"
EndProject
Project("{9A19103F-16F7-4668-BE54-9A1E7A4F7556}") = "pz_9", "pz_9\pz_9.csproj", "{78D7FE1A-6DB9-46ED-8F54-BCBF4C343DED}"
EndProject
Project("{FAE04EC0-301F-11D3-BF4B-00C04F79EFBC}") = "pz_18", "pz_18\pz_18.csproj", "{AE23CA67-5F73-407F-967F-45E18B30B827}"
EndProject
Project("{FAE04EC0-301F-11D3-BF4B-00C04F79EFBC}") = "pz_16", "pz_16\pz_16.csproj", "{E0DBCE35-8F17-4921-9F4C-72EF59FDD547}"
EndProject
Project("{FAE04EC0-301F-11D3-BF4B-00C04F79EFBC}") = "pz_15", "pz_15\pz_15.csproj", "{F8886A55-D623-42F1-9D41-B7019EFB701D}"
EndProject
Global
	GlobalSection(SolutionConfigurationPlatforms) = preSolution
		Debug|Any CPU = Debug|Any CPU
		Release|Any CPU = Release|Any CPU
	EndGlobalSection
	GlobalSection(ProjectConfigurationPlatforms) = postSolution
		{C5105CB7-DDB7-4269-8AB3-68077AD8D272}.Debug|Any CPU.ActiveCfg = Debug|Any CPU
		{C5105CB7-DDB7-4269-8AB3-68077AD8D272}.Debug|Any CPU.Build.0 = Debug|Any CPU
		{C5105CB7-DDB7-4269-8AB3-68077AD8D272}.Release|Any CPU.ActiveCfg = Release|Any CPU
		{C5105CB7-DDB7-4269-8AB3-68077AD8D272}.Release|Any CPU.Build.0 = Release|Any CPU
		{DDB9222C-896D-4B6D-90FB-1555F13E53AB}.Debug|Any CPU.ActiveCfg = Debug|Any CPU
		{DDB9222C-896D-4B6D-90FB-1555F13E53AB}.Debug|Any CPU.Build.0 = Debug|Any CPU
		{DDB9222C-896D-4B6D-90FB-1555F13E53AB}.Release|Any CPU.ActiveCfg = Release|Any CPU
		{DDB9222C-896D-4B6D-90FB-1555F13E53AB}.Release|Any CPU.Build.0 = Release|Any CPU
		{83D09D12-3A6C-49A1-BC1A-1824E7ECB70D}.Debug|Any CPU.ActiveCfg = Debug|Any CPU
		{83D09D12-3A6C-49A1-BC1A-1824E7ECB70D}.Debug|Any CPU.Build.0 = Debug|Any CPU
		{83D09D12-3A6C-49A1-BC1A-1824E7ECB70D}.Release|Any CPU.ActiveCfg = Release|Any CPU
		{83D09D12-3A6C-49A1-BC1A-1824E7ECB70D}.Release|Any CPU.Build.0 = Release|Any CPU
		{78D7FE1A-6DB9-46ED-8F54-BCBF4C343DED}.Debug|Any CPU.ActiveCfg = Debug|Any CPU
		{78D7FE1A-6DB9-46ED-8F54-BCBF4C343DED}.Debug|Any CPU.Build.0 = Debug|Any CPU
		{78D7FE1A-6DB9-46ED-8F54-BCBF4C343DED}.Release|Any CPU.ActiveCfg = Release|Any CPU
		{78D7FE1A-6DB9-46ED-8F54-BCBF4C343DED}.Release|Any CPU.Build.0 = Release|Any CPU
		{AE23CA67-5F73-407F-967F-45E18B30B827}.Debug|Any CPU.ActiveCfg = Debug|Any CPU
		{AE23CA67-5F73-407F-967F-45E18B30B827}.Debug|Any CPU.Build.0 = Debug|Any CPU
		{AE23CA67-5F73-407F-967F-45E18B30B827}.Release|Any CPU.ActiveCfg = Release|Any CPU
		{AE23CA67-5F73-407F-967F-45E18B30B827}.Release|Any CPU.Build.0 = Release|Any CPU
		{E0DBCE35-8F17-4921-9F4C-72EF59FDD547}.Debug|Any CPU.ActiveCfg = Debug|Any CPU
		{E0DBCE35-8F17-4921-9F4C-72EF59FDD547}.Debug|Any CPU.Build.0 = Debug|Any CPU
		{E0DBCE35-8F17-4921-9F4C-72EF59FDD547}.Release|Any CPU.ActiveCfg = Release|Any CPU
		{E0DBCE35-8F17-4921-9F4C-72EF59FDD547}.Release|Any CPU.Build.0 = Release|Any CPU
		{F8886A55-D623-42F1-9D41-B7019EFB701D}.Debug|Any CPU.ActiveCfg = Debug|Any CPU
		{F8886A55-D623-42F1-9D41-B7019EFB701D}.Debug|Any CPU.Build.0 = Debug|Any CPU
		{F8886A55-D623-42F1-9D41-B7019EFB701D}.Release|Any CPU.ActiveCfg = Release|Any CPU
		{F8886A55-D623-42F1-9D41-B7019EFB701D}.Release|Any CPU.Build.0 = Release|Any CPU
	EndGlobalSection
	GlobalSection(SolutionProperties) = preSolution
		HideSolutionNode = FALSE
	EndGlobalSection
	GlobalSection(ExtensibilityGlobals) = postSolution
		SolutionGuid = {7F6E878F-D0EB-490E-8F17-26F6E5203EC4}
	EndGlobalSection
EndGlobal
