
Microsoft Visual Studio Solution File, Format Version 12.00
# Visual Studio Version 16
VisualStudioVersion = 16.0.31702.278
MinimumVisualStudioVersion = 10.0.40219.1
Project("{FAE04EC0-301F-11D3-BF4B-00C04F79EFBC}") = "Ilya_Litvinov_2PK1", "Ilya_Litvinov_2PK1\Ilya_Litvinov_2PK1.csproj", "{6887F493-4F52-4AC2-8C46-68F527B88A97}"
EndProject
Project("{FAE04EC0-301F-11D3-BF4B-00C04F79EFBC}") = "pz_8", "pz_8\pz_8.csproj", "{C5105CB7-DDB7-4269-8AB3-68077AD8D272}"
EndProject
Global
	GlobalSection(SolutionConfigurationPlatforms) = preSolution
		Debug|Any CPU = Debug|Any CPU
		Release|Any CPU = Release|Any CPU
	EndGlobalSection
	GlobalSection(ProjectConfigurationPlatforms) = postSolution
		{6887F493-4F52-4AC2-8C46-68F527B88A97}.Debug|Any CPU.ActiveCfg = Debug|Any CPU
		{6887F493-4F52-4AC2-8C46-68F527B88A97}.Debug|Any CPU.Build.0 = Debug|Any CPU
		{6887F493-4F52-4AC2-8C46-68F527B88A97}.Release|Any CPU.ActiveCfg = Release|Any CPU
		{6887F493-4F52-4AC2-8C46-68F527B88A97}.Release|Any CPU.Build.0 = Release|Any CPU
		{C5105CB7-DDB7-4269-8AB3-68077AD8D272}.Debug|Any CPU.ActiveCfg = Debug|Any CPU
		{C5105CB7-DDB7-4269-8AB3-68077AD8D272}.Debug|Any CPU.Build.0 = Debug|Any CPU
		{C5105CB7-DDB7-4269-8AB3-68077AD8D272}.Release|Any CPU.ActiveCfg = Release|Any CPU
		{C5105CB7-DDB7-4269-8AB3-68077AD8D272}.Release|Any CPU.Build.0 = Release|Any CPU
	EndGlobalSection
	GlobalSection(SolutionProperties) = preSolution
		HideSolutionNode = FALSE
	EndGlobalSection
	GlobalSection(ExtensibilityGlobals) = postSolution
		SolutionGuid = {7F6E878F-D0EB-490E-8F17-26F6E5203EC4}
	EndGlobalSection
EndGlobal
